
Microsoft Visual Studio Solution File, Format Version 12.00
# Visual Studio Version 17
Project("{FAE04EC0-301F-11D3-BF4B-00C04F79EFBC}") = "LD56", "LD56.csproj", "{A0E4877C-8C1B-890D-3508-6F10211E050F}"
EndProject
Global
	GlobalSection(SolutionConfigurationPlatforms) = preSolution
		Debug|x64 = Debug|x64
		Release|x64 = Release|x64
	EndGlobalSection
	GlobalSection(ProjectConfigurationPlatforms) = postSolution
		{A0E4877C-8C1B-890D-3508-6F10211E050F}.Debug|x64.ActiveCfg = Debug|x64
		{A0E4877C-8C1B-890D-3508-6F10211E050F}.Debug|x64.Build.0 = Debug|x64
		{A0E4877C-8C1B-890D-3508-6F10211E050F}.Release|x64.ActiveCfg = Release|x64
		{A0E4877C-8C1B-890D-3508-6F10211E050F}.Release|x64.Build.0 = Release|x64
	EndGlobalSection
	GlobalSection(SolutionProperties) = preSolution
		HideSolutionNode = FALSE
	EndGlobalSection
EndGlobal
